
Microsoft Visual Studio Solution File, Format Version 12.00
# Visual Studio Version 17
VisualStudioVersion = 17.8.34511.84
MinimumVisualStudioVersion = 10.0.40219.1
Project("{FAE04EC0-301F-11D3-BF4B-00C04F79EFBC}") = "C41-G02-MVC03.PL", "C41-G02-MVC03.PL\C41-G02-MVC03.PL.csproj", "{EE154401-76AF-4EF6-B3D9-AA5E688FC37D}"
EndProject
Project("{FAE04EC0-301F-11D3-BF4B-00C04F79EFBC}") = "C41-G02-MVC03.DAL", "C41-G02-MVC03.DAL\C41-G02-MVC03.DAL.csproj", "{FF20C643-93A3-4BF8-BE31-B45149E18C66}"
EndProject
Project("{FAE04EC0-301F-11D3-BF4B-00C04F79EFBC}") = "C41-G02-MVC03.BLL", "C41-G02-MVC03.BLL\C41-G02-MVC03.BLL.csproj", "{D567F0EC-523F-47C0-88D7-85004F6AB23D}"
EndProject
Global
	GlobalSection(SolutionConfigurationPlatforms) = preSolution
		Debug|Any CPU = Debug|Any CPU
		Release|Any CPU = Release|Any CPU
	EndGlobalSection
	GlobalSection(ProjectConfigurationPlatforms) = postSolution
		{EE154401-76AF-4EF6-B3D9-AA5E688FC37D}.Debug|Any CPU.ActiveCfg = Debug|Any CPU
		{EE154401-76AF-4EF6-B3D9-AA5E688FC37D}.Debug|Any CPU.Build.0 = Debug|Any CPU
		{EE154401-76AF-4EF6-B3D9-AA5E688FC37D}.Release|Any CPU.ActiveCfg = Release|Any CPU
		{EE154401-76AF-4EF6-B3D9-AA5E688FC37D}.Release|Any CPU.Build.0 = Release|Any CPU
		{FF20C643-93A3-4BF8-BE31-B45149E18C66}.Debug|Any CPU.ActiveCfg = Debug|Any CPU
		{FF20C643-93A3-4BF8-BE31-B45149E18C66}.Debug|Any CPU.Build.0 = Debug|Any CPU
		{FF20C643-93A3-4BF8-BE31-B45149E18C66}.Release|Any CPU.ActiveCfg = Release|Any CPU
		{FF20C643-93A3-4BF8-BE31-B45149E18C66}.Release|Any CPU.Build.0 = Release|Any CPU
		{D567F0EC-523F-47C0-88D7-85004F6AB23D}.Debug|Any CPU.ActiveCfg = Debug|Any CPU
		{D567F0EC-523F-47C0-88D7-85004F6AB23D}.Debug|Any CPU.Build.0 = Debug|Any CPU
		{D567F0EC-523F-47C0-88D7-85004F6AB23D}.Release|Any CPU.ActiveCfg = Release|Any CPU
		{D567F0EC-523F-47C0-88D7-85004F6AB23D}.Release|Any CPU.Build.0 = Release|Any CPU
	EndGlobalSection
	GlobalSection(SolutionProperties) = preSolution
		HideSolutionNode = FALSE
	EndGlobalSection
	GlobalSection(ExtensibilityGlobals) = postSolution
		SolutionGuid = {34D6D2AC-B561-42D4-87B9-1F4449095372}
	EndGlobalSection
EndGlobal
